
Microsoft Visual Studio Solution File, Format Version 12.00
# Visual Studio Version 16
VisualStudioVersion = 16.0.29123.88
MinimumVisualStudioVersion = 10.0.40219.1
Project("{FAE04EC0-301F-11D3-BF4B-00C04F79EFBC}") = "CaseStudyCard", "CaseStudyCard\CaseStudyCard.csproj", "{567EA9DC-0A33-476F-9F51-DF765E25EA51}"
EndProject
Global
	GlobalSection(SolutionConfigurationPlatforms) = preSolution
		Debug|Any CPU = Debug|Any CPU
		Release|Any CPU = Release|Any CPU
	EndGlobalSection
	GlobalSection(ProjectConfigurationPlatforms) = postSolution
		{567EA9DC-0A33-476F-9F51-DF765E25EA51}.Debug|Any CPU.ActiveCfg = Debug|Any CPU
		{567EA9DC-0A33-476F-9F51-DF765E25EA51}.Debug|Any CPU.Build.0 = Debug|Any CPU
		{567EA9DC-0A33-476F-9F51-DF765E25EA51}.Release|Any CPU.ActiveCfg = Release|Any CPU
		{567EA9DC-0A33-476F-9F51-DF765E25EA51}.Release|Any CPU.Build.0 = Release|Any CPU
	EndGlobalSection
	GlobalSection(SolutionProperties) = preSolution
		HideSolutionNode = FALSE
	EndGlobalSection
	GlobalSection(ExtensibilityGlobals) = postSolution
		SolutionGuid = {6C147E08-26AC-4D26-8A88-2D2DC35FB34A}
	EndGlobalSection
EndGlobal
